
Microsoft Visual Studio Solution File, Format Version 12.00
# Visual Studio Version 16
VisualStudioVersion = 16.0.31112.23
MinimumVisualStudioVersion = 10.0.40219.1
Project("{9A19103F-16F7-4668-BE54-9A1E7A4F7556}") = "MarcaAgua", "MarcaAgua\MarcaAgua.csproj", "{CDD95A86-DBDF-47BA-957B-014929A7838E}"
EndProject
Project("{FAE04EC0-301F-11D3-BF4B-00C04F79EFBC}") = "ConsoleNetFrame", "ConsoleNetFrame\ConsoleNetFrame.csproj", "{1DB8C51F-8C56-44D9-9A7F-B33A33220EA4}"
EndProject
Global
	GlobalSection(SolutionConfigurationPlatforms) = preSolution
		Debug|Any CPU = Debug|Any CPU
		Release|Any CPU = Release|Any CPU
	EndGlobalSection
	GlobalSection(ProjectConfigurationPlatforms) = postSolution
		{CDD95A86-DBDF-47BA-957B-014929A7838E}.Debug|Any CPU.ActiveCfg = Debug|Any CPU
		{CDD95A86-DBDF-47BA-957B-014929A7838E}.Debug|Any CPU.Build.0 = Debug|Any CPU
		{CDD95A86-DBDF-47BA-957B-014929A7838E}.Release|Any CPU.ActiveCfg = Release|Any CPU
		{CDD95A86-DBDF-47BA-957B-014929A7838E}.Release|Any CPU.Build.0 = Release|Any CPU
		{1DB8C51F-8C56-44D9-9A7F-B33A33220EA4}.Debug|Any CPU.ActiveCfg = Debug|Any CPU
		{1DB8C51F-8C56-44D9-9A7F-B33A33220EA4}.Debug|Any CPU.Build.0 = Debug|Any CPU
		{1DB8C51F-8C56-44D9-9A7F-B33A33220EA4}.Release|Any CPU.ActiveCfg = Release|Any CPU
		{1DB8C51F-8C56-44D9-9A7F-B33A33220EA4}.Release|Any CPU.Build.0 = Release|Any CPU
	EndGlobalSection
	GlobalSection(SolutionProperties) = preSolution
		HideSolutionNode = FALSE
	EndGlobalSection
	GlobalSection(ExtensibilityGlobals) = postSolution
		SolutionGuid = {6819B153-B48D-4D85-AF50-9D883AF5E54A}
	EndGlobalSection
EndGlobal
